// !$*UTF8*$!
{
	archiveVersion = 1;
	classes = {
	};
	objectVersion = 50;
	objects = {

/* Begin PBXBuildFile section */
		B8F215A321D23FD700786972 /* AppDelegate.m in Sources */ = {isa = PBXBuildFile; fileRef = B8F215A221D23FD700786972 /* AppDelegate.m */; };
		B8F215A621D23FD700786972 /* ViewController.m in Sources */ = {isa = PBXBuildFile; fileRef = B8F215A521D23FD700786972 /* ViewController.m */; };
		B8F215A921D23FD700786972 /* Main.storyboard in Resources */ = {isa = PBXBuildFile; fileRef = B8F215A721D23FD700786972 /* Main.storyboard */; };
		B8F215AB21D23FD900786972 /* Assets.xcassets in Resources */ = {isa = PBXBuildFile; fileRef = B8F215AA21D23FD900786972 /* Assets.xcassets */; };
		B8F215AE21D23FD900786972 /* LaunchScreen.storyboard in Resources */ = {isa = PBXBuildFile; fileRef = B8F215AC21D23FD900786972 /* LaunchScreen.storyboard */; };
		B8F215B121D23FD900786972 /* main.m in Sources */ = {isa = PBXBuildFile; fileRef = B8F215B021D23FD900786972 /* main.m */; };
		B8F215BB21D23FDA00786972 /* RenderYUVTests.m in Sources */ = {isa = PBXBuildFile; fileRef = B8F215BA21D23FDA00786972 /* RenderYUVTests.m */; };
		B8F215C621D23FDA00786972 /* RenderYUVUITests.m in Sources */ = {isa = PBXBuildFile; fileRef = B8F215C521D23FDA00786972 /* RenderYUVUITests.m */; };
		B8F240B021D2490600786972 /* RTCDefaultShader.mm in Sources */ = {isa = PBXBuildFile; fileRef = B8F240AE21D2490500786972 /* RTCDefaultShader.mm */; };
		B8F240B521D2497400786972 /* RTCVideoFrame.mm in Sources */ = {isa = PBXBuildFile; fileRef = B8F240B321D2497300786972 /* RTCVideoFrame.mm */; };
		B8F240BD21D24A6700786972 /* RTCShader.mm in Sources */ = {isa = PBXBuildFile; fileRef = B8F240BB21D24A6600786972 /* RTCShader.mm */; };
		B8F240C021D24A8500786972 /* RTCLogging.mm in Sources */ = {isa = PBXBuildFile; fileRef = B8F240BF21D24A8500786972 /* RTCLogging.mm */; };
		B8F240CA21D24C2F00786972 /* RTCDisplayLinkTimer.m in Sources */ = {isa = PBXBuildFile; fileRef = B8F240C221D24C2E00786972 /* RTCDisplayLinkTimer.m */; };
		B8F240CB21D24C2F00786972 /* RTCEAGLVideoView.m in Sources */ = {isa = PBXBuildFile; fileRef = B8F240C721D24C2F00786972 /* RTCEAGLVideoView.m */; };
		B8F240CC21D24C2F00786972 /* RTCI420TextureCache.mm in Sources */ = {isa = PBXBuildFile; fileRef = B8F240C821D24C2F00786972 /* RTCI420TextureCache.mm */; };
		B8F240CD21D24C2F00786972 /* RTCNV12TextureCache.m in Sources */ = {isa = PBXBuildFile; fileRef = B8F240C921D24C2F00786972 /* RTCNV12TextureCache.m */; };
		B8F240D121D24D2500786972 /* RTCCVPixelBuffer.mm in Sources */ = {isa = PBXBuildFile; fileRef = B8F240D021D24D2500786972 /* RTCCVPixelBuffer.mm */; };
		B8F240D521D250C500786972 /* VideoCaputure.m in Sources */ = {isa = PBXBuildFile; fileRef = B8F240D421D250C500786972 /* VideoCaputure.m */; };
/* End PBXBuildFile section */

/* Begin PBXContainerItemProxy section */
		B8F215B721D23FDA00786972 /* PBXContainerItemProxy */ = {
			isa = PBXContainerItemProxy;
			containerPortal = B8F2159621D23FD700786972 /* Project object */;
			proxyType = 1;
			remoteGlobalIDString = B8F2159D21D23FD700786972;
			remoteInfo = RenderYUV;
		};
		B8F215C221D23FDA00786972 /* PBXContainerItemProxy */ = {
			isa = PBXContainerItemProxy;
			containerPortal = B8F2159621D23FD700786972 /* Project object */;
			proxyType = 1;
			remoteGlobalIDString = B8F2159D21D23FD700786972;
			remoteInfo = RenderYUV;
		};
/* End PBXContainerItemProxy section */

/* Begin PBXFileReference section */
		B8F2159E21D23FD700786972 /* RenderYUV.app */ = {isa = PBXFileReference; explicitFileType = wrapper.application; includeInIndex = 0; path = RenderYUV.app; sourceTree = BUILT_PRODUCTS_DIR; };
		B8F215A121D23FD700786972 /* AppDelegate.h */ = {isa = PBXFileReference; lastKnownFileType = sourcecode.c.h; path = AppDelegate.h; sourceTree = "<group>"; };
		B8F215A221D23FD700786972 /* AppDelegate.m */ = {isa = PBXFileReference; lastKnownFileType = sourcecode.c.objc; path = AppDelegate.m; sourceTree = "<group>"; };
		B8F215A421D23FD700786972 /* ViewController.h */ = {isa = PBXFileReference; lastKnownFileType = sourcecode.c.h; path = ViewController.h; sourceTree = "<group>"; };
		B8F215A521D23FD700786972 /* ViewController.m */ = {isa = PBXFileReference; lastKnownFileType = sourcecode.c.objc; path = ViewController.m; sourceTree = "<group>"; };
		B8F215A821D23FD700786972 /* Base */ = {isa = PBXFileReference; lastKnownFileType = file.storyboard; name = Base; path = Base.lproj/Main.storyboard; sourceTree = "<group>"; };
		B8F215AA21D23FD900786972 /* Assets.xcassets */ = {isa = PBXFileReference; lastKnownFileType = folder.assetcatalog; path = Assets.xcassets; sourceTree = "<group>"; };
		B8F215AD21D23FD900786972 /* Base */ = {isa = PBXFileReference; lastKnownFileType = file.storyboard; name = Base; path = Base.lproj/LaunchScreen.storyboard; sourceTree = "<group>"; };
		B8F215AF21D23FD900786972 /* Info.plist */ = {isa = PBXFileReference; lastKnownFileType = text.plist.xml; path = Info.plist; sourceTree = "<group>"; };
		B8F215B021D23FD900786972 /* main.m */ = {isa = PBXFileReference; lastKnownFileType = sourcecode.c.objc; path = main.m; sourceTree = "<group>"; };
		B8F215B621D23FDA00786972 /* RenderYUVTests.xctest */ = {isa = PBXFileReference; explicitFileType = wrapper.cfbundle; includeInIndex = 0; path = RenderYUVTests.xctest; sourceTree = BUILT_PRODUCTS_DIR; };
		B8F215BA21D23FDA00786972 /* RenderYUVTests.m */ = {isa = PBXFileReference; lastKnownFileType = sourcecode.c.objc; path = RenderYUVTests.m; sourceTree = "<group>"; };
		B8F215BC21D23FDA00786972 /* Info.plist */ = {isa = PBXFileReference; lastKnownFileType = text.plist.xml; path = Info.plist; sourceTree = "<group>"; };
		B8F215C121D23FDA00786972 /* RenderYUVUITests.xctest */ = {isa = PBXFileReference; explicitFileType = wrapper.cfbundle; includeInIndex = 0; path = RenderYUVUITests.xctest; sourceTree = BUILT_PRODUCTS_DIR; };
		B8F215C521D23FDA00786972 /* RenderYUVUITests.m */ = {isa = PBXFileReference; lastKnownFileType = sourcecode.c.objc; path = RenderYUVUITests.m; sourceTree = "<group>"; };
		B8F215C721D23FDA00786972 /* Info.plist */ = {isa = PBXFileReference; lastKnownFileType = text.plist.xml; path = Info.plist; sourceTree = "<group>"; };
		B8F240AE21D2490500786972 /* RTCDefaultShader.mm */ = {isa = PBXFileReference; fileEncoding = 4; lastKnownFileType = sourcecode.cpp.objcpp; path = RTCDefaultShader.mm; sourceTree = "<group>"; };
		B8F240AF21D2490600786972 /* RTCDefaultShader.h */ = {isa = PBXFileReference; fileEncoding = 4; lastKnownFileType = sourcecode.c.h; path = RTCDefaultShader.h; sourceTree = "<group>"; };
		B8F240B121D2493800786972 /* RTCVideoViewShading.h */ = {isa = PBXFileReference; lastKnownFileType = sourcecode.c.h; path = RTCVideoViewShading.h; sourceTree = "<group>"; };
		B8F240B321D2497300786972 /* RTCVideoFrame.mm */ = {isa = PBXFileReference; fileEncoding = 4; lastKnownFileType = sourcecode.cpp.objcpp; path = RTCVideoFrame.mm; sourceTree = "<group>"; };
		B8F240B421D2497400786972 /* RTCVideoFrame.h */ = {isa = PBXFileReference; fileEncoding = 4; lastKnownFileType = sourcecode.c.h; path = RTCVideoFrame.h; sourceTree = "<group>"; };
		B8F240B621D2499800786972 /* RTCMacros.h */ = {isa = PBXFileReference; lastKnownFileType = sourcecode.c.h; path = RTCMacros.h; sourceTree = "<group>"; };
		B8F240B721D249C200786972 /* RTCOpenGLDefines.h */ = {isa = PBXFileReference; lastKnownFileType = sourcecode.c.h; path = RTCOpenGLDefines.h; sourceTree = "<group>"; };
		B8F240B821D249ED00786972 /* RTCI420Buffer.h */ = {isa = PBXFileReference; lastKnownFileType = sourcecode.c.h; path = RTCI420Buffer.h; sourceTree = "<group>"; };
		B8F240B921D24A0300786972 /* RTCYUVPlanarBuffer.h */ = {isa = PBXFileReference; lastKnownFileType = sourcecode.c.h; path = RTCYUVPlanarBuffer.h; sourceTree = "<group>"; };
		B8F240BA21D24A4400786972 /* RTCVideoFrameBuffer.h */ = {isa = PBXFileReference; lastKnownFileType = sourcecode.c.h; path = RTCVideoFrameBuffer.h; sourceTree = "<group>"; };
		B8F240BB21D24A6600786972 /* RTCShader.mm */ = {isa = PBXFileReference; fileEncoding = 4; lastKnownFileType = sourcecode.cpp.objcpp; path = RTCShader.mm; sourceTree = "<group>"; };
		B8F240BC21D24A6600786972 /* RTCShader.h */ = {isa = PBXFileReference; fileEncoding = 4; lastKnownFileType = sourcecode.c.h; path = RTCShader.h; sourceTree = "<group>"; };
		B8F240BE21D24A8500786972 /* RTCLogging.h */ = {isa = PBXFileReference; fileEncoding = 4; lastKnownFileType = sourcecode.c.h; path = RTCLogging.h; sourceTree = "<group>"; };
		B8F240BF21D24A8500786972 /* RTCLogging.mm */ = {isa = PBXFileReference; fileEncoding = 4; lastKnownFileType = sourcecode.cpp.objcpp; path = RTCLogging.mm; sourceTree = "<group>"; };
		B8F240C221D24C2E00786972 /* RTCDisplayLinkTimer.m */ = {isa = PBXFileReference; fileEncoding = 4; lastKnownFileType = sourcecode.c.objc; path = RTCDisplayLinkTimer.m; sourceTree = "<group>"; };
		B8F240C321D24C2E00786972 /* RTCNV12TextureCache.h */ = {isa = PBXFileReference; fileEncoding = 4; lastKnownFileType = sourcecode.c.h; path = RTCNV12TextureCache.h; sourceTree = "<group>"; };
		B8F240C421D24C2E00786972 /* RTCEAGLVideoView.h */ = {isa = PBXFileReference; fileEncoding = 4; lastKnownFileType = sourcecode.c.h; path = RTCEAGLVideoView.h; sourceTree = "<group>"; };
		B8F240C521D24C2F00786972 /* RTCI420TextureCache.h */ = {isa = PBXFileReference; fileEncoding = 4; lastKnownFileType = sourcecode.c.h; path = RTCI420TextureCache.h; sourceTree = "<group>"; };
		B8F240C621D24C2F00786972 /* RTCDisplayLinkTimer.h */ = {isa = PBXFileReference; fileEncoding = 4; lastKnownFileType = sourcecode.c.h; path = RTCDisplayLinkTimer.h; sourceTree = "<group>"; };
		B8F240C721D24C2F00786972 /* RTCEAGLVideoView.m */ = {isa = PBXFileReference; fileEncoding = 4; lastKnownFileType = sourcecode.c.objc; path = RTCEAGLVideoView.m; sourceTree = "<group>"; };
		B8F240C821D24C2F00786972 /* RTCI420TextureCache.mm */ = {isa = PBXFileReference; fileEncoding = 4; lastKnownFileType = sourcecode.cpp.objcpp; path = RTCI420TextureCache.mm; sourceTree = "<group>"; };
		B8F240C921D24C2F00786972 /* RTCNV12TextureCache.m */ = {isa = PBXFileReference; fileEncoding = 4; lastKnownFileType = sourcecode.c.objc; path = RTCNV12TextureCache.m; sourceTree = "<group>"; };
		B8F240CE21D24C5000786972 /* RTCCVPixelBuffer.h */ = {isa = PBXFileReference; lastKnownFileType = sourcecode.c.h; path = RTCCVPixelBuffer.h; sourceTree = "<group>"; };
		B8F240CF21D24C6A00786972 /* RTCVideoRenderer.h */ = {isa = PBXFileReference; lastKnownFileType = sourcecode.c.h; path = RTCVideoRenderer.h; sourceTree = "<group>"; };
		B8F240D021D24D2500786972 /* RTCCVPixelBuffer.mm */ = {isa = PBXFileReference; fileEncoding = 4; lastKnownFileType = sourcecode.cpp.objcpp; path = RTCCVPixelBuffer.mm; sourceTree = "<group>"; };
		B8F240D321D250C500786972 /* VideoCaputure.h */ = {isa = PBXFileReference; lastKnownFileType = sourcecode.c.h; path = VideoCaputure.h; sourceTree = "<group>"; };
		B8F240D421D250C500786972 /* VideoCaputure.m */ = {isa = PBXFileReference; lastKnownFileType = sourcecode.c.objc; path = VideoCaputure.m; sourceTree = "<group>"; };
/* End PBXFileReference section */

/* Begin PBXFrameworksBuildPhase section */
		B8F2159B21D23FD700786972 /* Frameworks */ = {
			isa = PBXFrameworksBuildPhase;
			buildActionMask = 2147483647;
			files = (
			);
			runOnlyForDeploymentPostprocessing = 0;
		};
		B8F215B321D23FDA00786972 /* Frameworks */ = {
			isa = PBXFrameworksBuildPhase;
			buildActionMask = 2147483647;
			files = (
			);
			runOnlyForDeploymentPostprocessing = 0;
		};
		B8F215BE21D23FDA00786972 /* Frameworks */ = {
			isa = PBXFrameworksBuildPhase;
			buildActionMask = 2147483647;
			files = (
			);
			runOnlyForDeploymentPostprocessing = 0;
		};
/* End PBXFrameworksBuildPhase section */

/* Begin PBXGroup section */
		B8F2159521D23FD700786972 = {
			isa = PBXGroup;
			children = (
				B8F215A021D23FD700786972 /* RenderYUV */,
				B8F215B921D23FDA00786972 /* RenderYUVTests */,
				B8F215C421D23FDA00786972 /* RenderYUVUITests */,
				B8F2159F21D23FD700786972 /* Products */,
			);
			sourceTree = "<group>";
		};
		B8F2159F21D23FD700786972 /* Products */ = {
			isa = PBXGroup;
			children = (
				B8F2159E21D23FD700786972 /* RenderYUV.app */,
				B8F215B621D23FDA00786972 /* RenderYUVTests.xctest */,
				B8F215C121D23FDA00786972 /* RenderYUVUITests.xctest */,
			);
			name = Products;
			sourceTree = "<group>";
		};
		B8F215A021D23FD700786972 /* RenderYUV */ = {
			isa = PBXGroup;
			children = (
				B8F240D221D250AB00786972 /* Capture */,
				B8F240AD21D248F700786972 /* Render */,
				B8F215A121D23FD700786972 /* AppDelegate.h */,
				B8F215A221D23FD700786972 /* AppDelegate.m */,
				B8F215A421D23FD700786972 /* ViewController.h */,
				B8F215A521D23FD700786972 /* ViewController.m */,
				B8F215A721D23FD700786972 /* Main.storyboard */,
				B8F215AA21D23FD900786972 /* Assets.xcassets */,
				B8F215AC21D23FD900786972 /* LaunchScreen.storyboard */,
				B8F215AF21D23FD900786972 /* Info.plist */,
				B8F215B021D23FD900786972 /* main.m */,
			);
			path = RenderYUV;
			sourceTree = "<group>";
		};
		B8F215B921D23FDA00786972 /* RenderYUVTests */ = {
			isa = PBXGroup;
			children = (
				B8F215BA21D23FDA00786972 /* RenderYUVTests.m */,
				B8F215BC21D23FDA00786972 /* Info.plist */,
			);
			path = RenderYUVTests;
			sourceTree = "<group>";
		};
		B8F215C421D23FDA00786972 /* RenderYUVUITests */ = {
			isa = PBXGroup;
			children = (
				B8F215C521D23FDA00786972 /* RenderYUVUITests.m */,
				B8F215C721D23FDA00786972 /* Info.plist */,
			);
			path = RenderYUVUITests;
			sourceTree = "<group>";
		};
		B8F240AD21D248F700786972 /* Render */ = {
			isa = PBXGroup;
			children = (
				B8F240B221D2496A00786972 /* base */,
				B8F240B121D2493800786972 /* RTCVideoViewShading.h */,
				B8F240AF21D2490600786972 /* RTCDefaultShader.h */,
				B8F240AE21D2490500786972 /* RTCDefaultShader.mm */,
				B8F240B721D249C200786972 /* RTCOpenGLDefines.h */,
				B8F240BC21D24A6600786972 /* RTCShader.h */,
				B8F240BB21D24A6600786972 /* RTCShader.mm */,
				B8F240C621D24C2F00786972 /* RTCDisplayLinkTimer.h */,
				B8F240C221D24C2E00786972 /* RTCDisplayLinkTimer.m */,
				B8F240C421D24C2E00786972 /* RTCEAGLVideoView.h */,
				B8F240C721D24C2F00786972 /* RTCEAGLVideoView.m */,
				B8F240C521D24C2F00786972 /* RTCI420TextureCache.h */,
				B8F240C821D24C2F00786972 /* RTCI420TextureCache.mm */,
				B8F240C321D24C2E00786972 /* RTCNV12TextureCache.h */,
				B8F240C921D24C2F00786972 /* RTCNV12TextureCache.m */,
			);
			path = Render;
			sourceTree = "<group>";
		};
		B8F240B221D2496A00786972 /* base */ = {
			isa = PBXGroup;
			children = (
				B8F240CF21D24C6A00786972 /* RTCVideoRenderer.h */,
				B8F240CE21D24C5000786972 /* RTCCVPixelBuffer.h */,
				B8F240D021D24D2500786972 /* RTCCVPixelBuffer.mm */,
				B8F240BE21D24A8500786972 /* RTCLogging.h */,
				B8F240BF21D24A8500786972 /* RTCLogging.mm */,
				B8F240BA21D24A4400786972 /* RTCVideoFrameBuffer.h */,
				B8F240B921D24A0300786972 /* RTCYUVPlanarBuffer.h */,
				B8F240B821D249ED00786972 /* RTCI420Buffer.h */,
				B8F240B621D2499800786972 /* RTCMacros.h */,
				B8F240B421D2497400786972 /* RTCVideoFrame.h */,
				B8F240B321D2497300786972 /* RTCVideoFrame.mm */,
			);
			path = base;
			sourceTree = "<group>";
		};
		B8F240D221D250AB00786972 /* Capture */ = {
			isa = PBXGroup;
			children = (
				B8F240D321D250C500786972 /* VideoCaputure.h */,
				B8F240D421D250C500786972 /* VideoCaputure.m */,
			);
			path = Capture;
			sourceTree = "<group>";
		};
/* End PBXGroup section */

/* Begin PBXNativeTarget section */
		B8F2159D21D23FD700786972 /* RenderYUV */ = {
			isa = PBXNativeTarget;
			buildConfigurationList = B8F215CA21D23FDA00786972 /* Build configuration list for PBXNativeTarget "RenderYUV" */;
			buildPhases = (
				B8F2159A21D23FD700786972 /* Sources */,
				B8F2159B21D23FD700786972 /* Frameworks */,
				B8F2159C21D23FD700786972 /* Resources */,
			);
			buildRules = (
			);
			dependencies = (
			);
			name = RenderYUV;
			productName = RenderYUV;
			productReference = B8F2159E21D23FD700786972 /* RenderYUV.app */;
			productType = "com.apple.product-type.application";
		};
		B8F215B521D23FDA00786972 /* RenderYUVTests */ = {
			isa = PBXNativeTarget;
			buildConfigurationList = B8F215CD21D23FDA00786972 /* Build configuration list for PBXNativeTarget "RenderYUVTests" */;
			buildPhases = (
				B8F215B221D23FDA00786972 /* Sources */,
				B8F215B321D23FDA00786972 /* Frameworks */,
				B8F215B421D23FDA00786972 /* Resources */,
			);
			buildRules = (
			);
			dependencies = (
				B8F215B821D23FDA00786972 /* PBXTargetDependency */,
			);
			name = RenderYUVTests;
			productName = RenderYUVTests;
			productReference = B8F215B621D23FDA00786972 /* RenderYUVTests.xctest */;
			productType = "com.apple.product-type.bundle.unit-test";
		};
		B8F215C021D23FDA00786972 /* RenderYUVUITests */ = {
			isa = PBXNativeTarget;
			buildConfigurationList = B8F215D021D23FDA00786972 /* Build configuration list for PBXNativeTarget "RenderYUVUITests" */;
			buildPhases = (
				B8F215BD21D23FDA00786972 /* Sources */,
				B8F215BE21D23FDA00786972 /* Frameworks */,
				B8F215BF21D23FDA00786972 /* Resources */,
			);
			buildRules = (
			);
			dependencies = (
				B8F215C321D23FDA00786972 /* PBXTargetDependency */,
			);
			name = RenderYUVUITests;
			productName = RenderYUVUITests;
			productReference = B8F215C121D23FDA00786972 /* RenderYUVUITests.xctest */;
			productType = "com.apple.product-type.bundle.ui-testing";
		};
/* End PBXNativeTarget section */

/* Begin PBXProject section */
		B8F2159621D23FD700786972 /* Project object */ = {
			isa = PBXProject;
			attributes = {
				LastUpgradeCheck = 1000;
				ORGANIZATIONNAME = lunli;
				TargetAttributes = {
					B8F2159D21D23FD700786972 = {
						CreatedOnToolsVersion = 10.0;
					};
					B8F215B521D23FDA00786972 = {
						CreatedOnToolsVersion = 10.0;
						TestTargetID = B8F2159D21D23FD700786972;
					};
					B8F215C021D23FDA00786972 = {
						CreatedOnToolsVersion = 10.0;
						TestTargetID = B8F2159D21D23FD700786972;
					};
				};
			};
			buildConfigurationList = B8F2159921D23FD700786972 /* Build configuration list for PBXProject "RenderYUV" */;
			compatibilityVersion = "Xcode 9.3";
			developmentRegion = en;
			hasScannedForEncodings = 0;
			knownRegions = (
				en,
				Base,
			);
			mainGroup = B8F2159521D23FD700786972;
			productRefGroup = B8F2159F21D23FD700786972 /* Products */;
			projectDirPath = "";
			projectRoot = "";
			targets = (
				B8F2159D21D23FD700786972 /* RenderYUV */,
				B8F215B521D23FDA00786972 /* RenderYUVTests */,
				B8F215C021D23FDA00786972 /* RenderYUVUITests */,
			);
		};
/* End PBXProject section */

/* Begin PBXResourcesBuildPhase section */
		B8F2159C21D23FD700786972 /* Resources */ = {
			isa = PBXResourcesBuildPhase;
			buildActionMask = 2147483647;
			files = (
				B8F215AE21D23FD900786972 /* LaunchScreen.storyboard in Resources */,
				B8F215AB21D23FD900786972 /* Assets.xcassets in Resources */,
				B8F215A921D23FD700786972 /* Main.storyboard in Resources */,
			);
			runOnlyForDeploymentPostprocessing = 0;
		};
		B8F215B421D23FDA00786972 /* Resources */ = {
			isa = PBXResourcesBuildPhase;
			buildActionMask = 2147483647;
			files = (
			);
			runOnlyForDeploymentPostprocessing = 0;
		};
		B8F215BF21D23FDA00786972 /* Resources */ = {
			isa = PBXResourcesBuildPhase;
			buildActionMask = 2147483647;
			files = (
			);
			runOnlyForDeploymentPostprocessing = 0;
		};
/* End PBXResourcesBuildPhase section */

/* Begin PBXSourcesBuildPhase section */
		B8F2159A21D23FD700786972 /* Sources */ = {
			isa = PBXSourcesBuildPhase;
			buildActionMask = 2147483647;
			files = (
				B8F240D521D250C500786972 /* VideoCaputure.m in Sources */,
				B8F240B021D2490600786972 /* RTCDefaultShader.mm in Sources */,
				B8F240D121D24D2500786972 /* RTCCVPixelBuffer.mm in Sources */,
				B8F240C021D24A8500786972 /* RTCLogging.mm in Sources */,
				B8F215A621D23FD700786972 /* ViewController.m in Sources */,
				B8F215B121D23FD900786972 /* main.m in Sources */,
				B8F215A321D23FD700786972 /* AppDelegate.m in Sources */,
				B8F240CC21D24C2F00786972 /* RTCI420TextureCache.mm in Sources */,
				B8F240BD21D24A6700786972 /* RTCShader.mm in Sources */,
				B8F240CB21D24C2F00786972 /* RTCEAGLVideoView.m in Sources */,
				B8F240CA21D24C2F00786972 /* RTCDisplayLinkTimer.m in Sources */,
				B8F240CD21D24C2F00786972 /* RTCNV12TextureCache.m in Sources */,
				B8F240B521D2497400786972 /* RTCVideoFrame.mm in Sources */,
			);
			runOnlyForDeploymentPostprocessing = 0;
		};
		B8F215B221D23FDA00786972 /* Sources */ = {
			isa = PBXSourcesBuildPhase;
			buildActionMask = 2147483647;
			files = (
				B8F215BB21D23FDA00786972 /* RenderYUVTests.m in Sources */,
			);
			runOnlyForDeploymentPostprocessing = 0;
		};
		B8F215BD21D23FDA00786972 /* Sources */ = {
			isa = PBXSourcesBuildPhase;
			buildActionMask = 2147483647;
			files = (
				B8F215C621D23FDA00786972 /* RenderYUVUITests.m in Sources */,
			);
			runOnlyForDeploymentPostprocessing = 0;
		};
/* End PBXSourcesBuildPhase section */

/* Begin PBXTargetDependency section */
		B8F215B821D23FDA00786972 /* PBXTargetDependency */ = {
			isa = PBXTargetDependency;
			target = B8F2159D21D23FD700786972 /* RenderYUV */;
			targetProxy = B8F215B721D23FDA00786972 /* PBXContainerItemProxy */;
		};
		B8F215C321D23FDA00786972 /* PBXTargetDependency */ = {
			isa = PBXTargetDependency;
			target = B8F2159D21D23FD700786972 /* RenderYUV */;
			targetProxy = B8F215C221D23FDA00786972 /* PBXContainerItemProxy */;
		};
/* End PBXTargetDependency section */

/* Begin PBXVariantGroup section */
		B8F215A721D23FD700786972 /* Main.storyboard */ = {
			isa = PBXVariantGroup;
			children = (
				B8F215A821D23FD700786972 /* Base */,
			);
			name = Main.storyboard;
			sourceTree = "<group>";
		};
		B8F215AC21D23FD900786972 /* LaunchScreen.storyboard */ = {
			isa = PBXVariantGroup;
			children = (
				B8F215AD21D23FD900786972 /* Base */,
			);
			name = LaunchScreen.storyboard;
			sourceTree = "<group>";
		};
/* End PBXVariantGroup section */

/* Begin XCBuildConfiguration section */
		B8F215C821D23FDA00786972 /* Debug */ = {
			isa = XCBuildConfiguration;
			buildSettings = {
				ALWAYS_SEARCH_USER_PATHS = NO;
				CLANG_ANALYZER_NONNULL = YES;
				CLANG_ANALYZER_NUMBER_OBJECT_CONVERSION = YES_AGGRESSIVE;
				CLANG_CXX_LANGUAGE_STANDARD = "gnu++14";
				CLANG_CXX_LIBRARY = "libc++";
				CLANG_ENABLE_MODULES = YES;
				CLANG_ENABLE_OBJC_ARC = YES;
				CLANG_ENABLE_OBJC_WEAK = YES;
				CLANG_WARN_BLOCK_CAPTURE_AUTORELEASING = YES;
				CLANG_WARN_BOOL_CONVERSION = YES;
				CLANG_WARN_COMMA = YES;
				CLANG_WARN_CONSTANT_CONVERSION = YES;
				CLANG_WARN_DEPRECATED_OBJC_IMPLEMENTATIONS = YES;
				CLANG_WARN_DIRECT_OBJC_ISA_USAGE = YES_ERROR;
				CLANG_WARN_DOCUMENTATION_COMMENTS = YES;
				CLANG_WARN_EMPTY_BODY = YES;
				CLANG_WARN_ENUM_CONVERSION = YES;
				CLANG_WARN_INFINITE_RECURSION = YES;
				CLANG_WARN_INT_CONVERSION = YES;
				CLANG_WARN_NON_LITERAL_NULL_CONVERSION = YES;
				CLANG_WARN_OBJC_IMPLICIT_RETAIN_SELF = YES;
				CLANG_WARN_OBJC_LITERAL_CONVERSION = YES;
				CLANG_WARN_OBJC_ROOT_CLASS = YES_ERROR;
				CLANG_WARN_RANGE_LOOP_ANALYSIS = YES;
				CLANG_WARN_STRICT_PROTOTYPES = YES;
				CLANG_WARN_SUSPICIOUS_MOVE = YES;
				CLANG_WARN_UNGUARDED_AVAILABILITY = YES_AGGRESSIVE;
				CLANG_WARN_UNREACHABLE_CODE = YES;
				CLANG_WARN__DUPLICATE_METHOD_MATCH = YES;
				CODE_SIGN_IDENTITY = "iPhone Developer";
				COPY_PHASE_STRIP = NO;
				DEBUG_INFORMATION_FORMAT = dwarf;
				ENABLE_STRICT_OBJC_MSGSEND = YES;
				ENABLE_TESTABILITY = YES;
				GCC_C_LANGUAGE_STANDARD = gnu11;
				GCC_DYNAMIC_NO_PIC = NO;
				GCC_NO_COMMON_BLOCKS = YES;
				GCC_OPTIMIZATION_LEVEL = 0;
				GCC_PREPROCESSOR_DEFINITIONS = (
					"DEBUG=1",
					"$(inherited)",
				);
				GCC_WARN_64_TO_32_BIT_CONVERSION = YES;
				GCC_WARN_ABOUT_RETURN_TYPE = YES_ERROR;
				GCC_WARN_UNDECLARED_SELECTOR = YES;
				GCC_WARN_UNINITIALIZED_AUTOS = YES_AGGRESSIVE;
				GCC_WARN_UNUSED_FUNCTION = YES;
				GCC_WARN_UNUSED_VARIABLE = YES;
				IPHONEOS_DEPLOYMENT_TARGET = 12.0;
				MTL_ENABLE_DEBUG_INFO = INCLUDE_SOURCE;
				MTL_FAST_MATH = YES;
				ONLY_ACTIVE_ARCH = YES;
				SDKROOT = iphoneos;
			};
			name = Debug;
		};
		B8F215C921D23FDA00786972 /* Release */ = {
			isa = XCBuildConfiguration;
			buildSettings = {
				ALWAYS_SEARCH_USER_PATHS = NO;
				CLANG_ANALYZER_NONNULL = YES;
				CLANG_ANALYZER_NUMBER_OBJECT_CONVERSION = YES_AGGRESSIVE;
				CLANG_CXX_LANGUAGE_STANDARD = "gnu++14";
				CLANG_CXX_LIBRARY = "libc++";
				CLANG_ENABLE_MODULES = YES;
				CLANG_ENABLE_OBJC_ARC = YES;
				CLANG_ENABLE_OBJC_WEAK = YES;
				CLANG_WARN_BLOCK_CAPTURE_AUTORELEASING = YES;
				CLANG_WARN_BOOL_CONVERSION = YES;
				CLANG_WARN_COMMA = YES;
				CLANG_WARN_CONSTANT_CONVERSION = YES;
				CLANG_WARN_DEPRECATED_OBJC_IMPLEMENTATIONS = YES;
				CLANG_WARN_DIRECT_OBJC_ISA_USAGE = YES_ERROR;
				CLANG_WARN_DOCUMENTATION_COMMENTS = YES;
				CLANG_WARN_EMPTY_BODY = YES;
				CLANG_WARN_ENUM_CONVERSION = YES;
				CLANG_WARN_INFINITE_RECURSION = YES;
				CLANG_WARN_INT_CONVERSION = YES;
				CLANG_WARN_NON_LITERAL_NULL_CONVERSION = YES;
				CLANG_WARN_OBJC_IMPLICIT_RETAIN_SELF = YES;
				CLANG_WARN_OBJC_LITERAL_CONVERSION = YES;
				CLANG_WARN_OBJC_ROOT_CLASS = YES_ERROR;
				CLANG_WARN_RANGE_LOOP_ANALYSIS = YES;
				CLANG_WARN_STRICT_PROTOTYPES = YES;
				CLANG_WARN_SUSPICIOUS_MOVE = YES;
				CLANG_WARN_UNGUARDED_AVAILABILITY = YES_AGGRESSIVE;
				CLANG_WARN_UNREACHABLE_CODE = YES;
				CLANG_WARN__DUPLICATE_METHOD_MATCH = YES;
				CODE_SIGN_IDENTITY = "iPhone Developer";
				COPY_PHASE_STRIP = NO;
				DEBUG_INFORMATION_FORMAT = "dwarf-with-dsym";
				ENABLE_NS_ASSERTIONS = NO;
				ENABLE_STRICT_OBJC_MSGSEND = YES;
				GCC_C_LANGUAGE_STANDARD = gnu11;
				GCC_NO_COMMON_BLOCKS = YES;
				GCC_WARN_64_TO_32_BIT_CONVERSION = YES;
				GCC_WARN_ABOUT_RETURN_TYPE = YES_ERROR;
				GCC_WARN_UNDECLARED_SELECTOR = YES;
				GCC_WARN_UNINITIALIZED_AUTOS = YES_AGGRESSIVE;
				GCC_WARN_UNUSED_FUNCTION = YES;
				GCC_WARN_UNUSED_VARIABLE = YES;
				IPHONEOS_DEPLOYMENT_TARGET = 12.0;
				MTL_ENABLE_DEBUG_INFO = NO;
				MTL_FAST_MATH = YES;
				SDKROOT = iphoneos;
				VALIDATE_PRODUCT = YES;
			};
			name = Release;
		};
		B8F215CB21D23FDA00786972 /* Debug */ = {
			isa = XCBuildConfiguration;
			buildSettings = {
				ASSETCATALOG_COMPILER_APPICON_NAME = AppIcon;
				CODE_SIGN_STYLE = Automatic;
				DEVELOPMENT_TEAM = 35E4STCACH;
				INFOPLIST_FILE = RenderYUV/Info.plist;
				IPHONEOS_DEPLOYMENT_TARGET = 11.0;
				LD_RUNPATH_SEARCH_PATHS = (
					"$(inherited)",
					"@executable_path/Frameworks",
				);
				PRODUCT_BUNDLE_IDENTIFIER = com.LeetPractice.RenderYUV;
				PRODUCT_NAME = "$(TARGET_NAME)";
				TARGETED_DEVICE_FAMILY = "1,2";
			};
			name = Debug;
		};
		B8F215CC21D23FDA00786972 /* Release */ = {
			isa = XCBuildConfiguration;
			buildSettings = {
				ASSETCATALOG_COMPILER_APPICON_NAME = AppIcon;
				CODE_SIGN_STYLE = Automatic;
				DEVELOPMENT_TEAM = 35E4STCACH;
				INFOPLIST_FILE = RenderYUV/Info.plist;
				IPHONEOS_DEPLOYMENT_TARGET = 11.0;
				LD_RUNPATH_SEARCH_PATHS = (
					"$(inherited)",
					"@executable_path/Frameworks",
				);
				PRODUCT_BUNDLE_IDENTIFIER = com.LeetPractice.RenderYUV;
				PRODUCT_NAME = "$(TARGET_NAME)";
				TARGETED_DEVICE_FAMILY = "1,2";
			};
			name = Release;
		};
		B8F215CE21D23FDA00786972 /* Debug */ = {
			isa = XCBuildConfiguration;
			buildSettings = {
				BUNDLE_LOADER = "$(TEST_HOST)";
				CODE_SIGN_STYLE = Automatic;
				INFOPLIST_FILE = RenderYUVTests/Info.plist;
				LD_RUNPATH_SEARCH_PATHS = (
					"$(inherited)",
					"@executable_path/Frameworks",
					"@loader_path/Frameworks",
				);
				PRODUCT_BUNDLE_IDENTIFIER = com.LeetPractice.RenderYUVTests;
				PRODUCT_NAME = "$(TARGET_NAME)";
				TARGETED_DEVICE_FAMILY = "1,2";
				TEST_HOST = "$(BUILT_PRODUCTS_DIR)/RenderYUV.app/RenderYUV";
			};
			name = Debug;
		};
		B8F215CF21D23FDA00786972 /* Release */ = {
			isa = XCBuildConfiguration;
			buildSettings = {
				BUNDLE_LOADER = "$(TEST_HOST)";
				CODE_SIGN_STYLE = Automatic;
				INFOPLIST_FILE = RenderYUVTests/Info.plist;
				LD_RUNPATH_SEARCH_PATHS = (
					"$(inherited)",
					"@executable_path/Frameworks",
					"@loader_path/Frameworks",
				);
				PRODUCT_BUNDLE_IDENTIFIER = com.LeetPractice.RenderYUVTests;
				PRODUCT_NAME = "$(TARGET_NAME)";
				TARGETED_DEVICE_FAMILY = "1,2";
				TEST_HOST = "$(BUILT_PRODUCTS_DIR)/RenderYUV.app/RenderYUV";
			};
			name = Release;
		};
		B8F215D121D23FDA00786972 /* Debug */ = {
			isa = XCBuildConfiguration;
			buildSettings = {
				CODE_SIGN_STYLE = Automatic;
				INFOPLIST_FILE = RenderYUVUITests/Info.plist;
				LD_RUNPATH_SEARCH_PATHS = (
					"$(inherited)",
					"@executable_path/Frameworks",
					"@loader_path/Frameworks",
				);
				PRODUCT_BUNDLE_IDENTIFIER = com.LeetPractice.RenderYUVUITests;
				PRODUCT_NAME = "$(TARGET_NAME)";
				TARGETED_DEVICE_FAMILY = "1,2";
				TEST_TARGET_NAME = RenderYUV;
			};
			name = Debug;
		};
		B8F215D221D23FDA00786972 /* Release */ = {
			isa = XCBuildConfiguration;
			buildSettings = {
				CODE_SIGN_STYLE = Automatic;
				INFOPLIST_FILE = RenderYUVUITests/Info.plist;
				LD_RUNPATH_SEARCH_PATHS = (
					"$(inherited)",
					"@executable_path/Frameworks",
					"@loader_path/Frameworks",
				);
				PRODUCT_BUNDLE_IDENTIFIER = com.LeetPractice.RenderYUVUITests;
				PRODUCT_NAME = "$(TARGET_NAME)";
				TARGETED_DEVICE_FAMILY = "1,2";
				TEST_TARGET_NAME = RenderYUV;
			};
			name = Release;
		};
/* End XCBuildConfiguration section */

/* Begin XCConfigurationList section */
		B8F2159921D23FD700786972 /* Build configuration list for PBXProject "RenderYUV" */ = {
			isa = XCConfigurationList;
			buildConfigurations = (
				B8F215C821D23FDA00786972 /* Debug */,
				B8F215C921D23FDA00786972 /* Release */,
			);
			defaultConfigurationIsVisible = 0;
			defaultConfigurationName = Release;
		};
		B8F215CA21D23FDA00786972 /* Build configuration list for PBXNativeTarget "RenderYUV" */ = {
			isa = XCConfigurationList;
			buildConfigurations = (
				B8F215CB21D23FDA00786972 /* Debug */,
				B8F215CC21D23FDA00786972 /* Release */,
			);
			defaultConfigurationIsVisible = 0;
			defaultConfigurationName = Release;
		};
		B8F215CD21D23FDA00786972 /* Build configuration list for PBXNativeTarget "RenderYUVTests" */ = {
			isa = XCConfigurationList;
			buildConfigurations = (
				B8F215CE21D23FDA00786972 /* Debug */,
				B8F215CF21D23FDA00786972 /* Release */,
			);
			defaultConfigurationIsVisible = 0;
			defaultConfigurationName = Release;
		};
		B8F215D021D23FDA00786972 /* Build configuration list for PBXNativeTarget "RenderYUVUITests" */ = {
			isa = XCConfigurationList;
			buildConfigurations = (
				B8F215D121D23FDA00786972 /* Debug */,
				B8F215D221D23FDA00786972 /* Release */,
			);
			defaultConfigurationIsVisible = 0;
			defaultConfigurationName = Release;
		};
/* End XCConfigurationList section */
	};
	rootObject = B8F2159621D23FD700786972 /* Project object */;
}
